
Microsoft Visual Studio Solution File, Format Version 10.00
# Visual Studio 2008
Project("{FAE04EC0-301F-11D3-BF4B-00C04F79EFBC}") = "Archibot_1st_version", "Archibot_1st_version\Archibot_1st_version.csproj", "{57D9CDF6-6990-4627-8AB2-838283DBB92B}"
EndProject
Global
	GlobalSection(SolutionConfigurationPlatforms) = preSolution
		Debug|Any CPU = Debug|Any CPU
		Release|Any CPU = Release|Any CPU
	EndGlobalSection
	GlobalSection(ProjectConfigurationPlatforms) = postSolution
		{57D9CDF6-6990-4627-8AB2-838283DBB92B}.Debug|Any CPU.ActiveCfg = Debug|Any CPU
		{57D9CDF6-6990-4627-8AB2-838283DBB92B}.Debug|Any CPU.Build.0 = Debug|Any CPU
		{57D9CDF6-6990-4627-8AB2-838283DBB92B}.Release|Any CPU.ActiveCfg = Release|Any CPU
		{57D9CDF6-6990-4627-8AB2-838283DBB92B}.Release|Any CPU.Build.0 = Release|Any CPU
	EndGlobalSection
	GlobalSection(SolutionProperties) = preSolution
		HideSolutionNode = FALSE
	EndGlobalSection
EndGlobal
